// !$*UTF8*$!
{
	archiveVersion = 1;
	classes = {
	};
	objectVersion = 46;
	objects = {

/* Begin PBXBuildFile section */
		9D206DB11EED1A4B002918BB /* FriendView.swift in Sources */ = {isa = PBXBuildFile; fileRef = 9D206DB01EED1A4B002918BB /* FriendView.swift */; };
		9D7C5DC61EECC08E00F306A5 /* AppDelegate.swift in Sources */ = {isa = PBXBuildFile; fileRef = 9D7C5DC51EECC08E00F306A5 /* AppDelegate.swift */; };
		9D7C5DC81EECC08E00F306A5 /* ViewController.swift in Sources */ = {isa = PBXBuildFile; fileRef = 9D7C5DC71EECC08E00F306A5 /* ViewController.swift */; };
		9D7C5DCE1EECC08E00F306A5 /* Chimehack_Mobile.xcdatamodeld in Sources */ = {isa = PBXBuildFile; fileRef = 9D7C5DCC1EECC08E00F306A5 /* Chimehack_Mobile.xcdatamodeld */; };
		9D7C5DD01EECC08E00F306A5 /* Assets.xcassets in Resources */ = {isa = PBXBuildFile; fileRef = 9D7C5DCF1EECC08E00F306A5 /* Assets.xcassets */; };
		9D7C5DD31EECC08E00F306A5 /* LaunchScreen.storyboard in Resources */ = {isa = PBXBuildFile; fileRef = 9D7C5DD11EECC08E00F306A5 /* LaunchScreen.storyboard */; };
		9D7C5DDE1EECC16A00F306A5 /* MainCameraController.swift in Sources */ = {isa = PBXBuildFile; fileRef = 9D7C5DDD1EECC16A00F306A5 /* MainCameraController.swift */; };
		9D7C5DE01EECC17700F306A5 /* SetupController.swift in Sources */ = {isa = PBXBuildFile; fileRef = 9D7C5DDF1EECC17700F306A5 /* SetupController.swift */; };
		9D7C5DE41EECC62300F306A5 /* LanguageModel.swift in Sources */ = {isa = PBXBuildFile; fileRef = 9D7C5DE31EECC62300F306A5 /* LanguageModel.swift */; };
		9D7C5DE61EECD88100F306A5 /* ViewedWord.swift in Sources */ = {isa = PBXBuildFile; fileRef = 9D7C5DE51EECD88100F306A5 /* ViewedWord.swift */; };
		9D7C5DE81EECE01C00F306A5 /* LanguageButton.swift in Sources */ = {isa = PBXBuildFile; fileRef = 9D7C5DE71EECE01C00F306A5 /* LanguageButton.swift */; };
		9D7C5DED1EECEE3600F306A5 /* CameraButton.swift in Sources */ = {isa = PBXBuildFile; fileRef = 9D7C5DEC1EECEE3600F306A5 /* CameraButton.swift */; };
		9D7C5DEF1EECF22900F306A5 /* UserController.swift in Sources */ = {isa = PBXBuildFile; fileRef = 9D7C5DEE1EECF22900F306A5 /* UserController.swift */; };
		9D7C5DF11EECF23500F306A5 /* WordsController.swift in Sources */ = {isa = PBXBuildFile; fileRef = 9D7C5DF01EECF23500F306A5 /* WordsController.swift */; };
		9D7C5DF31EED015B00F306A5 /* BackendModel.swift in Sources */ = {isa = PBXBuildFile; fileRef = 9D7C5DF21EED015B00F306A5 /* BackendModel.swift */; };
		9DD76EA41EED1C03005EABCF /* SendController.swift in Sources */ = {isa = PBXBuildFile; fileRef = 9DD76EA31EED1C03005EABCF /* SendController.swift */; };
		9DD76EA61EED2B99005EABCF /* DatabaseModel.swift in Sources */ = {isa = PBXBuildFile; fileRef = 9DD76EA51EED2B99005EABCF /* DatabaseModel.swift */; };
		9DD76EA81EEDA8DE005EABCF /* Challenge.swift in Sources */ = {isa = PBXBuildFile; fileRef = 9DD76EA71EEDA8DD005EABCF /* Challenge.swift */; };
		9DD76EAA1EEDADF1005EABCF /* ChallengeController.swift in Sources */ = {isa = PBXBuildFile; fileRef = 9DD76EA91EEDADF1005EABCF /* ChallengeController.swift */; };
		9DD76EAC1EEDAFC7005EABCF /* BlockTapView.swift in Sources */ = {isa = PBXBuildFile; fileRef = 9DD76EAB1EEDAFC7005EABCF /* BlockTapView.swift */; };
		9DFAAD791EED037E00BDBE28 /* ImageInfoController.swift in Sources */ = {isa = PBXBuildFile; fileRef = 9DFAAD781EED037E00BDBE28 /* ImageInfoController.swift */; };
		9DFAAD7B1EED03BA00BDBE28 /* ImageInfoView.swift in Sources */ = {isa = PBXBuildFile; fileRef = 9DFAAD7A1EED03BA00BDBE28 /* ImageInfoView.swift */; };
		9DFAAD7D1EED11F400BDBE28 /* Friend.swift in Sources */ = {isa = PBXBuildFile; fileRef = 9DFAAD7C1EED11F400BDBE28 /* Friend.swift */; };
		9DFAAD7F1EED140D00BDBE28 /* ListView.swift in Sources */ = {isa = PBXBuildFile; fileRef = 9DFAAD7E1EED140D00BDBE28 /* ListView.swift */; };
		E4181F5180A4B5C02431EC90 /* Pods_Chimehack_Mobile.framework in Frameworks */ = {isa = PBXBuildFile; fileRef = BF05866A26FFDAFEEE2DE08D /* Pods_Chimehack_Mobile.framework */; };
/* End PBXBuildFile section */

/* Begin PBXFileReference section */
		2376E989F91C3FFCB984EDD0 /* Pods-Chimehack-Mobile.release.xcconfig */ = {isa = PBXFileReference; includeInIndex = 1; lastKnownFileType = text.xcconfig; name = "Pods-Chimehack-Mobile.release.xcconfig"; path = "Pods/Target Support Files/Pods-Chimehack-Mobile/Pods-Chimehack-Mobile.release.xcconfig"; sourceTree = "<group>"; };
		7D53A0D57C1B3912AA9B97F0 /* Pods-Chimehack-Mobile.debug.xcconfig */ = {isa = PBXFileReference; includeInIndex = 1; lastKnownFileType = text.xcconfig; name = "Pods-Chimehack-Mobile.debug.xcconfig"; path = "Pods/Target Support Files/Pods-Chimehack-Mobile/Pods-Chimehack-Mobile.debug.xcconfig"; sourceTree = "<group>"; };
		9D206DB01EED1A4B002918BB /* FriendView.swift */ = {isa = PBXFileReference; fileEncoding = 4; lastKnownFileType = sourcecode.swift; name = FriendView.swift; path = View/FriendView.swift; sourceTree = "<group>"; };
		9D7C5DC21EECC08E00F306A5 /* Chimehack-Mobile.app */ = {isa = PBXFileReference; explicitFileType = wrapper.application; includeInIndex = 0; path = "Chimehack-Mobile.app"; sourceTree = BUILT_PRODUCTS_DIR; };
		9D7C5DC51EECC08E00F306A5 /* AppDelegate.swift */ = {isa = PBXFileReference; lastKnownFileType = sourcecode.swift; path = AppDelegate.swift; sourceTree = "<group>"; };
		9D7C5DC71EECC08E00F306A5 /* ViewController.swift */ = {isa = PBXFileReference; lastKnownFileType = sourcecode.swift; path = ViewController.swift; sourceTree = "<group>"; };
		9D7C5DCD1EECC08E00F306A5 /* Chimehack_Mobile.xcdatamodel */ = {isa = PBXFileReference; lastKnownFileType = wrapper.xcdatamodel; path = Chimehack_Mobile.xcdatamodel; sourceTree = "<group>"; };
		9D7C5DCF1EECC08E00F306A5 /* Assets.xcassets */ = {isa = PBXFileReference; lastKnownFileType = folder.assetcatalog; path = Assets.xcassets; sourceTree = "<group>"; };
		9D7C5DD21EECC08E00F306A5 /* Base */ = {isa = PBXFileReference; lastKnownFileType = file.storyboard; name = Base; path = Base.lproj/LaunchScreen.storyboard; sourceTree = "<group>"; };
		9D7C5DD41EECC08E00F306A5 /* Info.plist */ = {isa = PBXFileReference; lastKnownFileType = text.plist.xml; path = Info.plist; sourceTree = "<group>"; };
		9D7C5DDD1EECC16A00F306A5 /* MainCameraController.swift */ = {isa = PBXFileReference; fileEncoding = 4; lastKnownFileType = sourcecode.swift; name = MainCameraController.swift; path = Controller/MainCameraController.swift; sourceTree = "<group>"; };
		9D7C5DDF1EECC17700F306A5 /* SetupController.swift */ = {isa = PBXFileReference; fileEncoding = 4; lastKnownFileType = sourcecode.swift; name = SetupController.swift; path = Controller/SetupController.swift; sourceTree = "<group>"; };
		9D7C5DE31EECC62300F306A5 /* LanguageModel.swift */ = {isa = PBXFileReference; fileEncoding = 4; lastKnownFileType = sourcecode.swift; name = LanguageModel.swift; path = Model/LanguageModel.swift; sourceTree = "<group>"; };
		9D7C5DE51EECD88100F306A5 /* ViewedWord.swift */ = {isa = PBXFileReference; fileEncoding = 4; lastKnownFileType = sourcecode.swift; name = ViewedWord.swift; path = Model/ViewedWord.swift; sourceTree = "<group>"; };
		9D7C5DE71EECE01C00F306A5 /* LanguageButton.swift */ = {isa = PBXFileReference; fileEncoding = 4; lastKnownFileType = sourcecode.swift; name = LanguageButton.swift; path = View/LanguageButton.swift; sourceTree = "<group>"; };
		9D7C5DEC1EECEE3600F306A5 /* CameraButton.swift */ = {isa = PBXFileReference; fileEncoding = 4; lastKnownFileType = sourcecode.swift; name = CameraButton.swift; path = View/CameraButton.swift; sourceTree = "<group>"; };
		9D7C5DEE1EECF22900F306A5 /* UserController.swift */ = {isa = PBXFileReference; fileEncoding = 4; lastKnownFileType = sourcecode.swift; name = UserController.swift; path = Controller/UserController.swift; sourceTree = "<group>"; };
		9D7C5DF01EECF23500F306A5 /* WordsController.swift */ = {isa = PBXFileReference; fileEncoding = 4; lastKnownFileType = sourcecode.swift; path = WordsController.swift; sourceTree = "<group>"; };
		9D7C5DF21EED015B00F306A5 /* BackendModel.swift */ = {isa = PBXFileReference; fileEncoding = 4; lastKnownFileType = sourcecode.swift; name = BackendModel.swift; path = Model/BackendModel.swift; sourceTree = "<group>"; };
		9DD76EA31EED1C03005EABCF /* SendController.swift */ = {isa = PBXFileReference; fileEncoding = 4; lastKnownFileType = sourcecode.swift; name = SendController.swift; path = Controller/SendController.swift; sourceTree = "<group>"; };
		9DD76EA51EED2B99005EABCF /* DatabaseModel.swift */ = {isa = PBXFileReference; fileEncoding = 4; lastKnownFileType = sourcecode.swift; path = DatabaseModel.swift; sourceTree = "<group>"; };
		9DD76EA71EEDA8DD005EABCF /* Challenge.swift */ = {isa = PBXFileReference; fileEncoding = 4; lastKnownFileType = sourcecode.swift; name = Challenge.swift; path = Model/Challenge.swift; sourceTree = "<group>"; };
		9DD76EA91EEDADF1005EABCF /* ChallengeController.swift */ = {isa = PBXFileReference; fileEncoding = 4; lastKnownFileType = sourcecode.swift; name = ChallengeController.swift; path = Controller/ChallengeController.swift; sourceTree = "<group>"; };
		9DD76EAB1EEDAFC7005EABCF /* BlockTapView.swift */ = {isa = PBXFileReference; fileEncoding = 4; lastKnownFileType = sourcecode.swift; name = BlockTapView.swift; path = View/BlockTapView.swift; sourceTree = "<group>"; };
		9DFAAD781EED037E00BDBE28 /* ImageInfoController.swift */ = {isa = PBXFileReference; fileEncoding = 4; lastKnownFileType = sourcecode.swift; name = ImageInfoController.swift; path = Controller/ImageInfoController.swift; sourceTree = "<group>"; };
		9DFAAD7A1EED03BA00BDBE28 /* ImageInfoView.swift */ = {isa = PBXFileReference; fileEncoding = 4; lastKnownFileType = sourcecode.swift; name = ImageInfoView.swift; path = View/ImageInfoView.swift; sourceTree = "<group>"; };
		9DFAAD7C1EED11F400BDBE28 /* Friend.swift */ = {isa = PBXFileReference; fileEncoding = 4; lastKnownFileType = sourcecode.swift; name = Friend.swift; path = Model/Friend.swift; sourceTree = "<group>"; };
		9DFAAD7E1EED140D00BDBE28 /* ListView.swift */ = {isa = PBXFileReference; fileEncoding = 4; lastKnownFileType = sourcecode.swift; name = ListView.swift; path = View/ListView.swift; sourceTree = "<group>"; };
		BF05866A26FFDAFEEE2DE08D /* Pods_Chimehack_Mobile.framework */ = {isa = PBXFileReference; explicitFileType = wrapper.framework; includeInIndex = 0; path = Pods_Chimehack_Mobile.framework; sourceTree = BUILT_PRODUCTS_DIR; };
/* End PBXFileReference section */

/* Begin PBXFrameworksBuildPhase section */
		9D7C5DBF1EECC08E00F306A5 /* Frameworks */ = {
			isa = PBXFrameworksBuildPhase;
			buildActionMask = 2147483647;
			files = (
				E4181F5180A4B5C02431EC90 /* Pods_Chimehack_Mobile.framework in Frameworks */,
			);
			runOnlyForDeploymentPostprocessing = 0;
		};
/* End PBXFrameworksBuildPhase section */

/* Begin PBXGroup section */
		5BC63B6CDEDE7DC30E519D67 /* Pods */ = {
			isa = PBXGroup;
			children = (
				7D53A0D57C1B3912AA9B97F0 /* Pods-Chimehack-Mobile.debug.xcconfig */,
				2376E989F91C3FFCB984EDD0 /* Pods-Chimehack-Mobile.release.xcconfig */,
			);
			name = Pods;
			sourceTree = "<group>";
		};
		9D7C5DB91EECC08E00F306A5 = {
			isa = PBXGroup;
			children = (
				9D7C5DC41EECC08E00F306A5 /* Chimehack-Mobile */,
				9D7C5DC31EECC08E00F306A5 /* Products */,
				5BC63B6CDEDE7DC30E519D67 /* Pods */,
				CAF2F2641FFF01B2670622AC /* Frameworks */,
			);
			sourceTree = "<group>";
		};
		9D7C5DC31EECC08E00F306A5 /* Products */ = {
			isa = PBXGroup;
			children = (
				9D7C5DC21EECC08E00F306A5 /* Chimehack-Mobile.app */,
			);
			name = Products;
			sourceTree = "<group>";
		};
		9D7C5DC41EECC08E00F306A5 /* Chimehack-Mobile */ = {
			isa = PBXGroup;
			children = (
				9D7C5DDC1EECC14900F306A5 /* Controller */,
				9D7C5DDB1EECC14500F306A5 /* Model */,
				9D7C5DDA1EECC09800F306A5 /* View */,
				9D7C5DC51EECC08E00F306A5 /* AppDelegate.swift */,
				9D7C5DC71EECC08E00F306A5 /* ViewController.swift */,
				9D7C5DCF1EECC08E00F306A5 /* Assets.xcassets */,
				9D7C5DD11EECC08E00F306A5 /* LaunchScreen.storyboard */,
				9D7C5DD41EECC08E00F306A5 /* Info.plist */,
				9D7C5DCC1EECC08E00F306A5 /* Chimehack_Mobile.xcdatamodeld */,
			);
			path = "Chimehack-Mobile";
			sourceTree = "<group>";
		};
		9D7C5DDA1EECC09800F306A5 /* View */ = {
			isa = PBXGroup;
			children = (
				9D7C5DE71EECE01C00F306A5 /* LanguageButton.swift */,
				9D7C5DEC1EECEE3600F306A5 /* CameraButton.swift */,
				9DFAAD7A1EED03BA00BDBE28 /* ImageInfoView.swift */,
				9DFAAD7E1EED140D00BDBE28 /* ListView.swift */,
				9D206DB01EED1A4B002918BB /* FriendView.swift */,
				9DD76EAB1EEDAFC7005EABCF /* BlockTapView.swift */,
			);
			name = View;
			sourceTree = "<group>";
		};
		9D7C5DDB1EECC14500F306A5 /* Model */ = {
			isa = PBXGroup;
			children = (
				9D7C5DE31EECC62300F306A5 /* LanguageModel.swift */,
				9D7C5DE51EECD88100F306A5 /* ViewedWord.swift */,
				9D7C5DF21EED015B00F306A5 /* BackendModel.swift */,
				9DFAAD7C1EED11F400BDBE28 /* Friend.swift */,
				9DD76EA51EED2B99005EABCF /* DatabaseModel.swift */,
				9DD76EA71EEDA8DD005EABCF /* Challenge.swift */,
			);
			name = Model;
			sourceTree = "<group>";
		};
		9D7C5DDC1EECC14900F306A5 /* Controller */ = {
			isa = PBXGroup;
			children = (
				9D7C5DDD1EECC16A00F306A5 /* MainCameraController.swift */,
				9D7C5DDF1EECC17700F306A5 /* SetupController.swift */,
				9D7C5DEE1EECF22900F306A5 /* UserController.swift */,
				9D7C5DF01EECF23500F306A5 /* WordsController.swift */,
				9DFAAD781EED037E00BDBE28 /* ImageInfoController.swift */,
				9DD76EA31EED1C03005EABCF /* SendController.swift */,
				9DD76EA91EEDADF1005EABCF /* ChallengeController.swift */,
			);
			name = Controller;
			sourceTree = "<group>";
		};
		CAF2F2641FFF01B2670622AC /* Frameworks */ = {
			isa = PBXGroup;
			children = (
				BF05866A26FFDAFEEE2DE08D /* Pods_Chimehack_Mobile.framework */,
			);
			name = Frameworks;
			sourceTree = "<group>";
		};
/* End PBXGroup section */

/* Begin PBXNativeTarget section */
		9D7C5DC11EECC08E00F306A5 /* Chimehack-Mobile */ = {
			isa = PBXNativeTarget;
			buildConfigurationList = 9D7C5DD71EECC08E00F306A5 /* Build configuration list for PBXNativeTarget "Chimehack-Mobile" */;
			buildPhases = (
				E8B6B5AA8B99A917DF4723B9 /* [CP] Check Pods Manifest.lock */,
				9D7C5DBE1EECC08E00F306A5 /* Sources */,
				9D7C5DBF1EECC08E00F306A5 /* Frameworks */,
				9D7C5DC01EECC08E00F306A5 /* Resources */,
				55D01CAA32D87FA1E75EEF84 /* [CP] Embed Pods Frameworks */,
				012F8E3647255A025E8EAAEC /* [CP] Copy Pods Resources */,
			);
			buildRules = (
			);
			dependencies = (
			);
			name = "Chimehack-Mobile";
			productName = "Chimehack-Mobile";
			productReference = 9D7C5DC21EECC08E00F306A5 /* Chimehack-Mobile.app */;
			productType = "com.apple.product-type.application";
		};
/* End PBXNativeTarget section */

/* Begin PBXProject section */
		9D7C5DBA1EECC08E00F306A5 /* Project object */ = {
			isa = PBXProject;
			attributes = {
				LastSwiftUpdateCheck = 0830;
				LastUpgradeCheck = 0830;
				ORGANIZATIONNAME = "James Lennon";
				TargetAttributes = {
					9D7C5DC11EECC08E00F306A5 = {
						CreatedOnToolsVersion = 8.3.2;
						DevelopmentTeam = AB4XV24HJZ;
						ProvisioningStyle = Automatic;
					};
				};
			};
			buildConfigurationList = 9D7C5DBD1EECC08E00F306A5 /* Build configuration list for PBXProject "Chimehack-Mobile" */;
			compatibilityVersion = "Xcode 3.2";
			developmentRegion = English;
			hasScannedForEncodings = 0;
			knownRegions = (
				en,
				Base,
			);
			mainGroup = 9D7C5DB91EECC08E00F306A5;
			productRefGroup = 9D7C5DC31EECC08E00F306A5 /* Products */;
			projectDirPath = "";
			projectRoot = "";
			targets = (
				9D7C5DC11EECC08E00F306A5 /* Chimehack-Mobile */,
			);
		};
/* End PBXProject section */

/* Begin PBXResourcesBuildPhase section */
		9D7C5DC01EECC08E00F306A5 /* Resources */ = {
			isa = PBXResourcesBuildPhase;
			buildActionMask = 2147483647;
			files = (
				9D7C5DD31EECC08E00F306A5 /* LaunchScreen.storyboard in Resources */,
				9D7C5DD01EECC08E00F306A5 /* Assets.xcassets in Resources */,
			);
			runOnlyForDeploymentPostprocessing = 0;
		};
/* End PBXResourcesBuildPhase section */

/* Begin PBXShellScriptBuildPhase section */
		012F8E3647255A025E8EAAEC /* [CP] Copy Pods Resources */ = {
			isa = PBXShellScriptBuildPhase;
			buildActionMask = 2147483647;
			files = (
			);
			inputPaths = (
			);
			name = "[CP] Copy Pods Resources";
			outputPaths = (
			);
			runOnlyForDeploymentPostprocessing = 0;
			shellPath = /bin/sh;
			shellScript = "\"${SRCROOT}/Pods/Target Support Files/Pods-Chimehack-Mobile/Pods-Chimehack-Mobile-resources.sh\"\n";
			showEnvVarsInLog = 0;
		};
		55D01CAA32D87FA1E75EEF84 /* [CP] Embed Pods Frameworks */ = {
			isa = PBXShellScriptBuildPhase;
			buildActionMask = 2147483647;
			files = (
			);
			inputPaths = (
			);
			name = "[CP] Embed Pods Frameworks";
			outputPaths = (
			);
			runOnlyForDeploymentPostprocessing = 0;
			shellPath = /bin/sh;
			shellScript = "\"${SRCROOT}/Pods/Target Support Files/Pods-Chimehack-Mobile/Pods-Chimehack-Mobile-frameworks.sh\"\n";
			showEnvVarsInLog = 0;
		};
		E8B6B5AA8B99A917DF4723B9 /* [CP] Check Pods Manifest.lock */ = {
			isa = PBXShellScriptBuildPhase;
			buildActionMask = 2147483647;
			files = (
			);
			inputPaths = (
			);
			name = "[CP] Check Pods Manifest.lock";
			outputPaths = (
			);
			runOnlyForDeploymentPostprocessing = 0;
			shellPath = /bin/sh;
			shellScript = "diff \"${PODS_PODFILE_DIR_PATH}/Podfile.lock\" \"${PODS_ROOT}/Manifest.lock\" > /dev/null\nif [ $? != 0 ] ; then\n    # print error to STDERR\n    echo \"error: The sandbox is not in sync with the Podfile.lock. Run 'pod install' or update your CocoaPods installation.\" >&2\n    exit 1\nfi\n";
			showEnvVarsInLog = 0;
		};
/* End PBXShellScriptBuildPhase section */

/* Begin PBXSourcesBuildPhase section */
		9D7C5DBE1EECC08E00F306A5 /* Sources */ = {
			isa = PBXSourcesBuildPhase;
			buildActionMask = 2147483647;
			files = (
				9DFAAD7F1EED140D00BDBE28 /* ListView.swift in Sources */,
				9DD76EA61EED2B99005EABCF /* DatabaseModel.swift in Sources */,
				9D7C5DCE1EECC08E00F306A5 /* Chimehack_Mobile.xcdatamodeld in Sources */,
				9D7C5DC81EECC08E00F306A5 /* ViewController.swift in Sources */,
				9D7C5DED1EECEE3600F306A5 /* CameraButton.swift in Sources */,
				9D7C5DEF1EECF22900F306A5 /* UserController.swift in Sources */,
				9D7C5DE41EECC62300F306A5 /* LanguageModel.swift in Sources */,
				9DD76EAA1EEDADF1005EABCF /* ChallengeController.swift in Sources */,
				9DFAAD7B1EED03BA00BDBE28 /* ImageInfoView.swift in Sources */,
				9DFAAD791EED037E00BDBE28 /* ImageInfoController.swift in Sources */,
				9DD76EA81EEDA8DE005EABCF /* Challenge.swift in Sources */,
				9D7C5DE61EECD88100F306A5 /* ViewedWord.swift in Sources */,
				9DD76EA41EED1C03005EABCF /* SendController.swift in Sources */,
				9D7C5DE81EECE01C00F306A5 /* LanguageButton.swift in Sources */,
				9D7C5DF11EECF23500F306A5 /* WordsController.swift in Sources */,
				9D7C5DC61EECC08E00F306A5 /* AppDelegate.swift in Sources */,
				9D7C5DE01EECC17700F306A5 /* SetupController.swift in Sources */,
				9D206DB11EED1A4B002918BB /* FriendView.swift in Sources */,
				9D7C5DF31EED015B00F306A5 /* BackendModel.swift in Sources */,
				9D7C5DDE1EECC16A00F306A5 /* MainCameraController.swift in Sources */,
				9DD76EAC1EEDAFC7005EABCF /* BlockTapView.swift in Sources */,
				9DFAAD7D1EED11F400BDBE28 /* Friend.swift in Sources */,
			);
			runOnlyForDeploymentPostprocessing = 0;
		};
/* End PBXSourcesBuildPhase section */

/* Begin PBXVariantGroup section */
		9D7C5DD11EECC08E00F306A5 /* LaunchScreen.storyboard */ = {
			isa = PBXVariantGroup;
			children = (
				9D7C5DD21EECC08E00F306A5 /* Base */,
			);
			name = LaunchScreen.storyboard;
			sourceTree = "<group>";
		};
/* End PBXVariantGroup section */

/* Begin XCBuildConfiguration section */
		9D7C5DD51EECC08E00F306A5 /* Debug */ = {
			isa = XCBuildConfiguration;
			buildSettings = {
				ALWAYS_SEARCH_USER_PATHS = NO;
				CLANG_ANALYZER_NONNULL = YES;
				CLANG_ANALYZER_NUMBER_OBJECT_CONVERSION = YES_AGGRESSIVE;
				CLANG_CXX_LANGUAGE_STANDARD = "gnu++0x";
				CLANG_CXX_LIBRARY = "libc++";
				CLANG_ENABLE_MODULES = YES;
				CLANG_ENABLE_OBJC_ARC = YES;
				CLANG_WARN_BOOL_CONVERSION = YES;
				CLANG_WARN_CONSTANT_CONVERSION = YES;
				CLANG_WARN_DIRECT_OBJC_ISA_USAGE = YES_ERROR;
				CLANG_WARN_DOCUMENTATION_COMMENTS = YES;
				CLANG_WARN_EMPTY_BODY = YES;
				CLANG_WARN_ENUM_CONVERSION = YES;
				CLANG_WARN_INFINITE_RECURSION = YES;
				CLANG_WARN_INT_CONVERSION = YES;
				CLANG_WARN_OBJC_ROOT_CLASS = YES_ERROR;
				CLANG_WARN_SUSPICIOUS_MOVE = YES;
				CLANG_WARN_UNREACHABLE_CODE = YES;
				CLANG_WARN__DUPLICATE_METHOD_MATCH = YES;
				"CODE_SIGN_IDENTITY[sdk=iphoneos*]" = "iPhone Developer";
				COPY_PHASE_STRIP = NO;
				DEBUG_INFORMATION_FORMAT = dwarf;
				ENABLE_STRICT_OBJC_MSGSEND = YES;
				ENABLE_TESTABILITY = YES;
				GCC_C_LANGUAGE_STANDARD = gnu99;
				GCC_DYNAMIC_NO_PIC = NO;
				GCC_NO_COMMON_BLOCKS = YES;
				GCC_OPTIMIZATION_LEVEL = 0;
				GCC_PREPROCESSOR_DEFINITIONS = (
					"DEBUG=1",
					"$(inherited)",
				);
				GCC_WARN_64_TO_32_BIT_CONVERSION = YES;
				GCC_WARN_ABOUT_RETURN_TYPE = YES_ERROR;
				GCC_WARN_UNDECLARED_SELECTOR = YES;
				GCC_WARN_UNINITIALIZED_AUTOS = YES_AGGRESSIVE;
				GCC_WARN_UNUSED_FUNCTION = YES;
				GCC_WARN_UNUSED_VARIABLE = YES;
				IPHONEOS_DEPLOYMENT_TARGET = 10.3;
				MTL_ENABLE_DEBUG_INFO = YES;
				ONLY_ACTIVE_ARCH = YES;
				SDKROOT = iphoneos;
				SWIFT_ACTIVE_COMPILATION_CONDITIONS = DEBUG;
				SWIFT_OPTIMIZATION_LEVEL = "-Onone";
				TARGETED_DEVICE_FAMILY = "1,2";
			};
			name = Debug;
		};
		9D7C5DD61EECC08E00F306A5 /* Release */ = {
			isa = XCBuildConfiguration;
			buildSettings = {
				ALWAYS_SEARCH_USER_PATHS = NO;
				CLANG_ANALYZER_NONNULL = YES;
				CLANG_ANALYZER_NUMBER_OBJECT_CONVERSION = YES_AGGRESSIVE;
				CLANG_CXX_LANGUAGE_STANDARD = "gnu++0x";
				CLANG_CXX_LIBRARY = "libc++";
				CLANG_ENABLE_MODULES = YES;
				CLANG_ENABLE_OBJC_ARC = YES;
				CLANG_WARN_BOOL_CONVERSION = YES;
				CLANG_WARN_CONSTANT_CONVERSION = YES;
				CLANG_WARN_DIRECT_OBJC_ISA_USAGE = YES_ERROR;
				CLANG_WARN_DOCUMENTATION_COMMENTS = YES;
				CLANG_WARN_EMPTY_BODY = YES;
				CLANG_WARN_ENUM_CONVERSION = YES;
				CLANG_WARN_INFINITE_RECURSION = YES;
				CLANG_WARN_INT_CONVERSION = YES;
				CLANG_WARN_OBJC_ROOT_CLASS = YES_ERROR;
				CLANG_WARN_SUSPICIOUS_MOVE = YES;
				CLANG_WARN_UNREACHABLE_CODE = YES;
				CLANG_WARN__DUPLICATE_METHOD_MATCH = YES;
				"CODE_SIGN_IDENTITY[sdk=iphoneos*]" = "iPhone Developer";
				COPY_PHASE_STRIP = NO;
				DEBUG_INFORMATION_FORMAT = "dwarf-with-dsym";
				ENABLE_NS_ASSERTIONS = NO;
				ENABLE_STRICT_OBJC_MSGSEND = YES;
				GCC_C_LANGUAGE_STANDARD = gnu99;
				GCC_NO_COMMON_BLOCKS = YES;
				GCC_WARN_64_TO_32_BIT_CONVERSION = YES;
				GCC_WARN_ABOUT_RETURN_TYPE = YES_ERROR;
				GCC_WARN_UNDECLARED_SELECTOR = YES;
				GCC_WARN_UNINITIALIZED_AUTOS = YES_AGGRESSIVE;
				GCC_WARN_UNUSED_FUNCTION = YES;
				GCC_WARN_UNUSED_VARIABLE = YES;
				IPHONEOS_DEPLOYMENT_TARGET = 10.3;
				MTL_ENABLE_DEBUG_INFO = NO;
				SDKROOT = iphoneos;
				SWIFT_OPTIMIZATION_LEVEL = "-Owholemodule";
				TARGETED_DEVICE_FAMILY = "1,2";
				VALIDATE_PRODUCT = YES;
			};
			name = Release;
		};
		9D7C5DD81EECC08E00F306A5 /* Debug */ = {
			isa = XCBuildConfiguration;
			baseConfigurationReference = 7D53A0D57C1B3912AA9B97F0 /* Pods-Chimehack-Mobile.debug.xcconfig */;
			buildSettings = {
				ASSETCATALOG_COMPILER_APPICON_NAME = AppIcon;
				DEVELOPMENT_TEAM = AB4XV24HJZ;
				INFOPLIST_FILE = "Chimehack-Mobile/Info.plist";
				IPHONEOS_DEPLOYMENT_TARGET = 10.0;
				LD_RUNPATH_SEARCH_PATHS = "$(inherited) @executable_path/Frameworks";
				PRODUCT_BUNDLE_IDENTIFIER = "jameslennon.Chimehack-Mobile";
				PRODUCT_NAME = "$(TARGET_NAME)";
				SWIFT_VERSION = 3.0;
			};
			name = Debug;
		};
		9D7C5DD91EECC08E00F306A5 /* Release */ = {
			isa = XCBuildConfiguration;
			baseConfigurationReference = 2376E989F91C3FFCB984EDD0 /* Pods-Chimehack-Mobile.release.xcconfig */;
			buildSettings = {
				ASSETCATALOG_COMPILER_APPICON_NAME = AppIcon;
				DEVELOPMENT_TEAM = AB4XV24HJZ;
				INFOPLIST_FILE = "Chimehack-Mobile/Info.plist";
				IPHONEOS_DEPLOYMENT_TARGET = 10.0;
				LD_RUNPATH_SEARCH_PATHS = "$(inherited) @executable_path/Frameworks";
				PRODUCT_BUNDLE_IDENTIFIER = "jameslennon.Chimehack-Mobile";
				PRODUCT_NAME = "$(TARGET_NAME)";
				SWIFT_VERSION = 3.0;
			};
			name = Release;
		};
/* End XCBuildConfiguration section */

/* Begin XCConfigurationList section */
		9D7C5DBD1EECC08E00F306A5 /* Build configuration list for PBXProject "Chimehack-Mobile" */ = {
			isa = XCConfigurationList;
			buildConfigurations = (
				9D7C5DD51EECC08E00F306A5 /* Debug */,
				9D7C5DD61EECC08E00F306A5 /* Release */,
			);
			defaultConfigurationIsVisible = 0;
			defaultConfigurationName = Release;
		};
		9D7C5DD71EECC08E00F306A5 /* Build configuration list for PBXNativeTarget "Chimehack-Mobile" */ = {
			isa = XCConfigurationList;
			buildConfigurations = (
				9D7C5DD81EECC08E00F306A5 /* Debug */,
				9D7C5DD91EECC08E00F306A5 /* Release */,
			);
			defaultConfigurationIsVisible = 0;
			defaultConfigurationName = Release;
		};
/* End XCConfigurationList section */

/* Begin XCVersionGroup section */
		9D7C5DCC1EECC08E00F306A5 /* Chimehack_Mobile.xcdatamodeld */ = {
			isa = XCVersionGroup;
			children = (
				9D7C5DCD1EECC08E00F306A5 /* Chimehack_Mobile.xcdatamodel */,
			);
			currentVersion = 9D7C5DCD1EECC08E00F306A5 /* Chimehack_Mobile.xcdatamodel */;
			path = Chimehack_Mobile.xcdatamodeld;
			sourceTree = "<group>";
			versionGroupType = wrapper.xcdatamodel;
		};
/* End XCVersionGroup section */
	};
	rootObject = 9D7C5DBA1EECC08E00F306A5 /* Project object */;
}
